
Microsoft Visual Studio Solution File, Format Version 12.00
# Visual Studio Version 16
VisualStudioVersion = 16.0.30128.74
MinimumVisualStudioVersion = 10.0.40219.1
Project("{2150E333-8FDC-42A3-9474-1A3956D46DE8}") = "src", "src", "{5AAF71A4-389B-47C3-B1FD-3EFD09D88DA1}"
EndProject
Project("{2150E333-8FDC-42A3-9474-1A3956D46DE8}") = "tests", "tests", "{C4E68BB8-D321-46CF-953D-9FBEF41B3908}"
EndProject
Project("{2150E333-8FDC-42A3-9474-1A3956D46DE8}") = "Apps", "Apps", "{EA819BF1-C6DF-48C4-9EB1-F7BA623B1016}"
EndProject
Project("{2150E333-8FDC-42A3-9474-1A3956D46DE8}") = "Frameworks", "Frameworks", "{E4D8229C-F7DF-4E1C-BE09-B715DC09151F}"
EndProject
Project("{2150E333-8FDC-42A3-9474-1A3956D46DE8}") = "Gateways", "Gateways", "{FA9B05AB-45A2-4EEB-BA88-2EBF302332CA}"
EndProject
Project("{2150E333-8FDC-42A3-9474-1A3956D46DE8}") = "Websites", "Websites", "{15BCADF3-8475-453B-B02A-884EFB4223A5}"
EndProject
Project("{2150E333-8FDC-42A3-9474-1A3956D46DE8}") = "Services", "Services", "{8A5E41CF-8E5B-476A-9428-57013B25EF20}"
EndProject
Project("{2150E333-8FDC-42A3-9474-1A3956D46DE8}") = "Identity", "Identity", "{A8AAC952-7AC9-453D-B6B8-43C22A5938DF}"
EndProject
Project("{2150E333-8FDC-42A3-9474-1A3956D46DE8}") = "Home", "Home", "{C8FDD0E4-CC1D-42D5-86E2-EEFF5A4C4184}"
EndProject
Project("{2150E333-8FDC-42A3-9474-1A3956D46DE8}") = "Services", "Services", "{68D6C51B-42EA-4061-97B6-6159577C1212}"
EndProject
Project("{9A19103F-16F7-4668-BE54-9A1E7A4F7556}") = "Home.WebApi.xUnitTest", "tests\Services\Home.WebApi.xUnitTest\Home.WebApi.xUnitTest.csproj", "{92E6673A-F2B3-45CD-810F-AD2573507642}"
EndProject
Project("{9A19103F-16F7-4668-BE54-9A1E7A4F7556}") = "Home.Identity.WebApi.xUnitTest", "tests\Services\Home.Identity.WebApi.xUnitTest\Home.Identity.WebApi.xUnitTest.csproj", "{2EB68FCF-E55F-49AB-AC1E-BA8BFB1517FB}"
EndProject
Project("{9A19103F-16F7-4668-BE54-9A1E7A4F7556}") = "Home_ReactRedux", "src\Websites\Home_ReactRedux\Home_ReactRedux.csproj", "{ECD62FF1-6F49-45BC-A786-B96356873910}"
EndProject
Project("{9A19103F-16F7-4668-BE54-9A1E7A4F7556}") = "Web.Home.Gateway.WebApi", "src\Gateways\Web.Home.Gateway.WebApi\Web.Home.Gateway.WebApi.csproj", "{CC821786-3D91-4CCF-9214-6C244A87ACC2}"
EndProject
Project("{9A19103F-16F7-4668-BE54-9A1E7A4F7556}") = "Generic.Framework", "src\Frameworks\Generic.Framework\Generic.Framework.csproj", "{EA338EE4-83F5-4C5E-9FDD-A4449676FA28}"
EndProject
Project("{9A19103F-16F7-4668-BE54-9A1E7A4F7556}") = "Home.Framework", "src\Frameworks\Home.Framework\Home.Framework.csproj", "{94B1970B-4511-476E-8E29-6DAD3C3B4D44}"
EndProject
Project("{9A19103F-16F7-4668-BE54-9A1E7A4F7556}") = "Home.Identity.WebApi", "src\Services\Identity\Home.Identity.WebApi\Home.Identity.WebApi.csproj", "{72B10522-DB30-4017-BEBC-24DC42EC3D15}"
EndProject
Project("{FAE04EC0-301F-11D3-BF4B-00C04F79EFBC}") = "Home.WebApi", "src\Services\Home\Home.WebApi\Home.WebApi.csproj", "{ADC5EC44-8E5D-4516-B792-56C98D7C75C0}"
EndProject
Global
	GlobalSection(SolutionConfigurationPlatforms) = preSolution
		Debug|Any CPU = Debug|Any CPU
		Release|Any CPU = Release|Any CPU
	EndGlobalSection
	GlobalSection(ProjectConfigurationPlatforms) = postSolution
		{92E6673A-F2B3-45CD-810F-AD2573507642}.Debug|Any CPU.ActiveCfg = Debug|Any CPU
		{92E6673A-F2B3-45CD-810F-AD2573507642}.Debug|Any CPU.Build.0 = Debug|Any CPU
		{92E6673A-F2B3-45CD-810F-AD2573507642}.Release|Any CPU.ActiveCfg = Release|Any CPU
		{92E6673A-F2B3-45CD-810F-AD2573507642}.Release|Any CPU.Build.0 = Release|Any CPU
		{2EB68FCF-E55F-49AB-AC1E-BA8BFB1517FB}.Debug|Any CPU.ActiveCfg = Debug|Any CPU
		{2EB68FCF-E55F-49AB-AC1E-BA8BFB1517FB}.Debug|Any CPU.Build.0 = Debug|Any CPU
		{2EB68FCF-E55F-49AB-AC1E-BA8BFB1517FB}.Release|Any CPU.ActiveCfg = Release|Any CPU
		{2EB68FCF-E55F-49AB-AC1E-BA8BFB1517FB}.Release|Any CPU.Build.0 = Release|Any CPU
		{ECD62FF1-6F49-45BC-A786-B96356873910}.Debug|Any CPU.ActiveCfg = Debug|Any CPU
		{ECD62FF1-6F49-45BC-A786-B96356873910}.Debug|Any CPU.Build.0 = Debug|Any CPU
		{ECD62FF1-6F49-45BC-A786-B96356873910}.Release|Any CPU.ActiveCfg = Release|Any CPU
		{ECD62FF1-6F49-45BC-A786-B96356873910}.Release|Any CPU.Build.0 = Release|Any CPU
		{CC821786-3D91-4CCF-9214-6C244A87ACC2}.Debug|Any CPU.ActiveCfg = Debug|Any CPU
		{CC821786-3D91-4CCF-9214-6C244A87ACC2}.Debug|Any CPU.Build.0 = Debug|Any CPU
		{CC821786-3D91-4CCF-9214-6C244A87ACC2}.Release|Any CPU.ActiveCfg = Release|Any CPU
		{CC821786-3D91-4CCF-9214-6C244A87ACC2}.Release|Any CPU.Build.0 = Release|Any CPU
		{EA338EE4-83F5-4C5E-9FDD-A4449676FA28}.Debug|Any CPU.ActiveCfg = Debug|Any CPU
		{EA338EE4-83F5-4C5E-9FDD-A4449676FA28}.Debug|Any CPU.Build.0 = Debug|Any CPU
		{EA338EE4-83F5-4C5E-9FDD-A4449676FA28}.Release|Any CPU.ActiveCfg = Release|Any CPU
		{EA338EE4-83F5-4C5E-9FDD-A4449676FA28}.Release|Any CPU.Build.0 = Release|Any CPU
		{94B1970B-4511-476E-8E29-6DAD3C3B4D44}.Debug|Any CPU.ActiveCfg = Debug|Any CPU
		{94B1970B-4511-476E-8E29-6DAD3C3B4D44}.Debug|Any CPU.Build.0 = Debug|Any CPU
		{94B1970B-4511-476E-8E29-6DAD3C3B4D44}.Release|Any CPU.ActiveCfg = Release|Any CPU
		{94B1970B-4511-476E-8E29-6DAD3C3B4D44}.Release|Any CPU.Build.0 = Release|Any CPU
		{72B10522-DB30-4017-BEBC-24DC42EC3D15}.Debug|Any CPU.ActiveCfg = Debug|Any CPU
		{72B10522-DB30-4017-BEBC-24DC42EC3D15}.Debug|Any CPU.Build.0 = Debug|Any CPU
		{72B10522-DB30-4017-BEBC-24DC42EC3D15}.Release|Any CPU.ActiveCfg = Release|Any CPU
		{72B10522-DB30-4017-BEBC-24DC42EC3D15}.Release|Any CPU.Build.0 = Release|Any CPU
		{ADC5EC44-8E5D-4516-B792-56C98D7C75C0}.Debug|Any CPU.ActiveCfg = Debug|Any CPU
		{ADC5EC44-8E5D-4516-B792-56C98D7C75C0}.Debug|Any CPU.Build.0 = Debug|Any CPU
		{ADC5EC44-8E5D-4516-B792-56C98D7C75C0}.Release|Any CPU.ActiveCfg = Release|Any CPU
		{ADC5EC44-8E5D-4516-B792-56C98D7C75C0}.Release|Any CPU.Build.0 = Release|Any CPU
	EndGlobalSection
	GlobalSection(SolutionProperties) = preSolution
		HideSolutionNode = FALSE
	EndGlobalSection
	GlobalSection(NestedProjects) = preSolution
		{EA819BF1-C6DF-48C4-9EB1-F7BA623B1016} = {5AAF71A4-389B-47C3-B1FD-3EFD09D88DA1}
		{E4D8229C-F7DF-4E1C-BE09-B715DC09151F} = {5AAF71A4-389B-47C3-B1FD-3EFD09D88DA1}
		{FA9B05AB-45A2-4EEB-BA88-2EBF302332CA} = {5AAF71A4-389B-47C3-B1FD-3EFD09D88DA1}
		{15BCADF3-8475-453B-B02A-884EFB4223A5} = {5AAF71A4-389B-47C3-B1FD-3EFD09D88DA1}
		{8A5E41CF-8E5B-476A-9428-57013B25EF20} = {5AAF71A4-389B-47C3-B1FD-3EFD09D88DA1}
		{A8AAC952-7AC9-453D-B6B8-43C22A5938DF} = {8A5E41CF-8E5B-476A-9428-57013B25EF20}
		{C8FDD0E4-CC1D-42D5-86E2-EEFF5A4C4184} = {8A5E41CF-8E5B-476A-9428-57013B25EF20}
		{68D6C51B-42EA-4061-97B6-6159577C1212} = {C4E68BB8-D321-46CF-953D-9FBEF41B3908}
		{92E6673A-F2B3-45CD-810F-AD2573507642} = {68D6C51B-42EA-4061-97B6-6159577C1212}
		{2EB68FCF-E55F-49AB-AC1E-BA8BFB1517FB} = {68D6C51B-42EA-4061-97B6-6159577C1212}
		{ECD62FF1-6F49-45BC-A786-B96356873910} = {15BCADF3-8475-453B-B02A-884EFB4223A5}
		{CC821786-3D91-4CCF-9214-6C244A87ACC2} = {FA9B05AB-45A2-4EEB-BA88-2EBF302332CA}
		{EA338EE4-83F5-4C5E-9FDD-A4449676FA28} = {E4D8229C-F7DF-4E1C-BE09-B715DC09151F}
		{94B1970B-4511-476E-8E29-6DAD3C3B4D44} = {E4D8229C-F7DF-4E1C-BE09-B715DC09151F}
		{72B10522-DB30-4017-BEBC-24DC42EC3D15} = {A8AAC952-7AC9-453D-B6B8-43C22A5938DF}
		{ADC5EC44-8E5D-4516-B792-56C98D7C75C0} = {C8FDD0E4-CC1D-42D5-86E2-EEFF5A4C4184}
	EndGlobalSection
	GlobalSection(ExtensibilityGlobals) = postSolution
		SolutionGuid = {B9A07BBA-3EFF-405A-8EE6-2A9BA243E776}
	EndGlobalSection
EndGlobal
